
Microsoft Visual Studio Solution File, Format Version 12.00
# Visual Studio 15
VisualStudioVersion = 15.0.27004.2002
MinimumVisualStudioVersion = 10.0.40219.1
Project("{FAE04EC0-301F-11D3-BF4B-00C04F79EFBC}") = "SumOfArray", "SumOfArray\SumOfArray.csproj", "{A7592ACC-02E0-4A88-B59E-50FE5B6B7CF2}"
EndProject
Global
	GlobalSection(SolutionConfigurationPlatforms) = preSolution
		Debug|Any CPU = Debug|Any CPU
		Release|Any CPU = Release|Any CPU
	EndGlobalSection
	GlobalSection(ProjectConfigurationPlatforms) = postSolution
		{A7592ACC-02E0-4A88-B59E-50FE5B6B7CF2}.Debug|Any CPU.ActiveCfg = Debug|Any CPU
		{A7592ACC-02E0-4A88-B59E-50FE5B6B7CF2}.Debug|Any CPU.Build.0 = Debug|Any CPU
		{A7592ACC-02E0-4A88-B59E-50FE5B6B7CF2}.Release|Any CPU.ActiveCfg = Release|Any CPU
		{A7592ACC-02E0-4A88-B59E-50FE5B6B7CF2}.Release|Any CPU.Build.0 = Release|Any CPU
	EndGlobalSection
	GlobalSection(SolutionProperties) = preSolution
		HideSolutionNode = FALSE
	EndGlobalSection
	GlobalSection(ExtensibilityGlobals) = postSolution
		SolutionGuid = {FC29B2FD-3250-4216-92F1-7818D903B345}
	EndGlobalSection
EndGlobal
